
Microsoft Visual Studio Solution File, Format Version 12.00
# Visual Studio 2013
VisualStudioVersion = 12.0.21005.1
MinimumVisualStudioVersion = 10.0.40219.1
Project("{B1E792BE-AA5F-4E3C-8C82-674BF9C0715B}") = "LTR700", "LTR700\LTR700.tsproj", "{0FA2017C-503C-4345-967A-DDB38EB4B3EF}"
EndProject
Project("{FD9F1D59-E000-42F3-8744-88DE1BE93C06}") = "TempMeas", "TempMeas\TempMeas.tcmproj", "{1989450E-1AD9-41B1-B796-EFA2AE6C9671}"
EndProject
Global
	GlobalSection(SolutionConfigurationPlatforms) = preSolution
		Debug|TwinCAT CE7 (ARMV7) = Debug|TwinCAT CE7 (ARMV7)
		Debug|TwinCAT OS (ARMT2) = Debug|TwinCAT OS (ARMT2)
		Debug|TwinCAT RT (x64) = Debug|TwinCAT RT (x64)
		Debug|TwinCAT RT (x86) = Debug|TwinCAT RT (x86)
		Release|TwinCAT CE7 (ARMV7) = Release|TwinCAT CE7 (ARMV7)
		Release|TwinCAT OS (ARMT2) = Release|TwinCAT OS (ARMT2)
		Release|TwinCAT RT (x64) = Release|TwinCAT RT (x64)
		Release|TwinCAT RT (x86) = Release|TwinCAT RT (x86)
	EndGlobalSection
	GlobalSection(ProjectConfigurationPlatforms) = postSolution
		{0FA2017C-503C-4345-967A-DDB38EB4B3EF}.Debug|TwinCAT CE7 (ARMV7).ActiveCfg = Debug|TwinCAT CE7 (ARMV7)
		{0FA2017C-503C-4345-967A-DDB38EB4B3EF}.Debug|TwinCAT CE7 (ARMV7).Build.0 = Debug|TwinCAT CE7 (ARMV7)
		{0FA2017C-503C-4345-967A-DDB38EB4B3EF}.Debug|TwinCAT OS (ARMT2).ActiveCfg = Debug|TwinCAT OS (ARMT2)
		{0FA2017C-503C-4345-967A-DDB38EB4B3EF}.Debug|TwinCAT OS (ARMT2).Build.0 = Debug|TwinCAT OS (ARMT2)
		{0FA2017C-503C-4345-967A-DDB38EB4B3EF}.Debug|TwinCAT RT (x64).ActiveCfg = Debug|TwinCAT RT (x64)
		{0FA2017C-503C-4345-967A-DDB38EB4B3EF}.Debug|TwinCAT RT (x64).Build.0 = Debug|TwinCAT RT (x64)
		{0FA2017C-503C-4345-967A-DDB38EB4B3EF}.Debug|TwinCAT RT (x86).ActiveCfg = Debug|TwinCAT RT (x86)
		{0FA2017C-503C-4345-967A-DDB38EB4B3EF}.Debug|TwinCAT RT (x86).Build.0 = Debug|TwinCAT RT (x86)
		{0FA2017C-503C-4345-967A-DDB38EB4B3EF}.Release|TwinCAT CE7 (ARMV7).ActiveCfg = Release|TwinCAT CE7 (ARMV7)
		{0FA2017C-503C-4345-967A-DDB38EB4B3EF}.Release|TwinCAT CE7 (ARMV7).Build.0 = Release|TwinCAT CE7 (ARMV7)
		{0FA2017C-503C-4345-967A-DDB38EB4B3EF}.Release|TwinCAT OS (ARMT2).ActiveCfg = Release|TwinCAT OS (ARMT2)
		{0FA2017C-503C-4345-967A-DDB38EB4B3EF}.Release|TwinCAT OS (ARMT2).Build.0 = Release|TwinCAT OS (ARMT2)
		{0FA2017C-503C-4345-967A-DDB38EB4B3EF}.Release|TwinCAT RT (x64).ActiveCfg = Release|TwinCAT RT (x64)
		{0FA2017C-503C-4345-967A-DDB38EB4B3EF}.Release|TwinCAT RT (x64).Build.0 = Release|TwinCAT RT (x64)
		{0FA2017C-503C-4345-967A-DDB38EB4B3EF}.Release|TwinCAT RT (x86).ActiveCfg = Release|TwinCAT RT (x86)
		{0FA2017C-503C-4345-967A-DDB38EB4B3EF}.Release|TwinCAT RT (x86).Build.0 = Release|TwinCAT RT (x86)
		{1989450E-1AD9-41B1-B796-EFA2AE6C9671}.Debug|TwinCAT CE7 (ARMV7).ActiveCfg = Debug|TwinCAT CE7 (ARMV7)
		{1989450E-1AD9-41B1-B796-EFA2AE6C9671}.Debug|TwinCAT OS (ARMT2).ActiveCfg = Debug|TwinCAT OS (ARMT2)
		{1989450E-1AD9-41B1-B796-EFA2AE6C9671}.Debug|TwinCAT RT (x64).ActiveCfg = Debug|TwinCAT RT (x64)
		{1989450E-1AD9-41B1-B796-EFA2AE6C9671}.Debug|TwinCAT RT (x86).ActiveCfg = Debug|TwinCAT RT (x86)
		{1989450E-1AD9-41B1-B796-EFA2AE6C9671}.Release|TwinCAT CE7 (ARMV7).ActiveCfg = Release|TwinCAT CE7 (ARMV7)
		{1989450E-1AD9-41B1-B796-EFA2AE6C9671}.Release|TwinCAT OS (ARMT2).ActiveCfg = Release|TwinCAT OS (ARMT2)
		{1989450E-1AD9-41B1-B796-EFA2AE6C9671}.Release|TwinCAT RT (x64).ActiveCfg = Release|TwinCAT RT (x64)
		{1989450E-1AD9-41B1-B796-EFA2AE6C9671}.Release|TwinCAT RT (x86).ActiveCfg = Release|TwinCAT RT (x86)
		{7D7A25C8-1BD3-4406-BF91-A53D1DEE6B69}.Debug|TwinCAT CE7 (ARMV7).ActiveCfg = Debug|TwinCAT CE7 (ARMV7)
		{7D7A25C8-1BD3-4406-BF91-A53D1DEE6B69}.Debug|TwinCAT CE7 (ARMV7).Build.0 = Debug|TwinCAT CE7 (ARMV7)
		{7D7A25C8-1BD3-4406-BF91-A53D1DEE6B69}.Debug|TwinCAT OS (ARMT2).ActiveCfg = Debug|TwinCAT OS (ARMT2)
		{7D7A25C8-1BD3-4406-BF91-A53D1DEE6B69}.Debug|TwinCAT OS (ARMT2).Build.0 = Debug|TwinCAT OS (ARMT2)
		{7D7A25C8-1BD3-4406-BF91-A53D1DEE6B69}.Debug|TwinCAT RT (x64).ActiveCfg = Debug|TwinCAT RT (x64)
		{7D7A25C8-1BD3-4406-BF91-A53D1DEE6B69}.Debug|TwinCAT RT (x64).Build.0 = Debug|TwinCAT RT (x64)
		{7D7A25C8-1BD3-4406-BF91-A53D1DEE6B69}.Debug|TwinCAT RT (x86).ActiveCfg = Debug|TwinCAT RT (x86)
		{7D7A25C8-1BD3-4406-BF91-A53D1DEE6B69}.Debug|TwinCAT RT (x86).Build.0 = Debug|TwinCAT RT (x86)
		{7D7A25C8-1BD3-4406-BF91-A53D1DEE6B69}.Release|TwinCAT CE7 (ARMV7).ActiveCfg = Release|TwinCAT CE7 (ARMV7)
		{7D7A25C8-1BD3-4406-BF91-A53D1DEE6B69}.Release|TwinCAT CE7 (ARMV7).Build.0 = Release|TwinCAT CE7 (ARMV7)
		{7D7A25C8-1BD3-4406-BF91-A53D1DEE6B69}.Release|TwinCAT OS (ARMT2).ActiveCfg = Release|TwinCAT OS (ARMT2)
		{7D7A25C8-1BD3-4406-BF91-A53D1DEE6B69}.Release|TwinCAT OS (ARMT2).Build.0 = Release|TwinCAT OS (ARMT2)
		{7D7A25C8-1BD3-4406-BF91-A53D1DEE6B69}.Release|TwinCAT RT (x64).ActiveCfg = Release|TwinCAT RT (x64)
		{7D7A25C8-1BD3-4406-BF91-A53D1DEE6B69}.Release|TwinCAT RT (x64).Build.0 = Release|TwinCAT RT (x64)
		{7D7A25C8-1BD3-4406-BF91-A53D1DEE6B69}.Release|TwinCAT RT (x86).ActiveCfg = Release|TwinCAT RT (x86)
		{7D7A25C8-1BD3-4406-BF91-A53D1DEE6B69}.Release|TwinCAT RT (x86).Build.0 = Release|TwinCAT RT (x86)
	EndGlobalSection
	GlobalSection(SolutionProperties) = preSolution
		HideSolutionNode = FALSE
	EndGlobalSection
EndGlobal
